// !$*UTF8*$!
{
	archiveVersion = 1;
	classes = {
	};
	objectVersion = 56;
	objects = {

/* Begin PBXBuildFile section */
		0093EA4F2B68E26100F2C4DC /* AppDelegate.swift in Sources */ = {isa = PBXBuildFile; fileRef = 0093EA4E2B68E26100F2C4DC /* AppDelegate.swift */; };
		0093EA512B68E26100F2C4DC /* SceneDelegate.swift in Sources */ = {isa = PBXBuildFile; fileRef = 0093EA502B68E26100F2C4DC /* SceneDelegate.swift */; };
		0093EA532B68E26100F2C4DC /* SettingsViewController.swift in Sources */ = {isa = PBXBuildFile; fileRef = 0093EA522B68E26100F2C4DC /* SettingsViewController.swift */; };
		0093EA582B68E26200F2C4DC /* Assets.xcassets in Resources */ = {isa = PBXBuildFile; fileRef = 0093EA572B68E26200F2C4DC /* Assets.xcassets */; };
		0093EA5B2B68E26200F2C4DC /* LaunchScreen.storyboard in Resources */ = {isa = PBXBuildFile; fileRef = 0093EA592B68E26200F2C4DC /* LaunchScreen.storyboard */; };
		0093EA692B68E5CB00F2C4DC /* Setting.swift in Sources */ = {isa = PBXBuildFile; fileRef = 0093EA682B68E5CB00F2C4DC /* Setting.swift */; };
		0093EA6B2B68E91600F2C4DC /* SettingsView.swift in Sources */ = {isa = PBXBuildFile; fileRef = 0093EA6A2B68E91600F2C4DC /* SettingsView.swift */; };
		0093EA712B68FDF100F2C4DC /* Setting+Extensions.swift in Sources */ = {isa = PBXBuildFile; fileRef = 0093EA702B68FDF100F2C4DC /* Setting+Extensions.swift */; };
		0093EA742B69054000F2C4DC /* SettingsFactory.swift in Sources */ = {isa = PBXBuildFile; fileRef = 0093EA732B69054000F2C4DC /* SettingsFactory.swift */; };
		0093EA762B690C8800F2C4DC /* SettingsTableViewCell.swift in Sources */ = {isa = PBXBuildFile; fileRef = 0093EA752B690C8800F2C4DC /* SettingsTableViewCell.swift */; };
		0093EA792B690DB200F2C4DC /* SnapKit in Frameworks */ = {isa = PBXBuildFile; productRef = 0093EA782B690DB200F2C4DC /* SnapKit */; };
		0093EA7B2B6920F600F2C4DC /* UIImage+Extensions.swift in Sources */ = {isa = PBXBuildFile; fileRef = 0093EA7A2B6920F600F2C4DC /* UIImage+Extensions.swift */; };
		0093EA802B6A690000F2C4DC /* SettingDetailsViewController.swift in Sources */ = {isa = PBXBuildFile; fileRef = 0093EA7F2B6A690000F2C4DC /* SettingDetailsViewController.swift */; };
		0093EA872B6A855000F2C4DC /* SettingDetailsView.swift in Sources */ = {isa = PBXBuildFile; fileRef = 0093EA862B6A855000F2C4DC /* SettingDetailsView.swift */; };
		0093EA892B6A896700F2C4DC /* SettingImageView.swift in Sources */ = {isa = PBXBuildFile; fileRef = 0093EA882B6A896700F2C4DC /* SettingImageView.swift */; };
/* End PBXBuildFile section */

/* Begin PBXFileReference section */
		0093EA4B2B68E26100F2C4DC /* iOS12-HW13-Daniil-Ivanov.app */ = {isa = PBXFileReference; explicitFileType = wrapper.application; includeInIndex = 0; path = "iOS12-HW13-Daniil-Ivanov.app"; sourceTree = BUILT_PRODUCTS_DIR; };
		0093EA4E2B68E26100F2C4DC /* AppDelegate.swift */ = {isa = PBXFileReference; lastKnownFileType = sourcecode.swift; path = AppDelegate.swift; sourceTree = "<group>"; };
		0093EA502B68E26100F2C4DC /* SceneDelegate.swift */ = {isa = PBXFileReference; lastKnownFileType = sourcecode.swift; path = SceneDelegate.swift; sourceTree = "<group>"; };
		0093EA522B68E26100F2C4DC /* SettingsViewController.swift */ = {isa = PBXFileReference; lastKnownFileType = sourcecode.swift; path = SettingsViewController.swift; sourceTree = "<group>"; };
		0093EA572B68E26200F2C4DC /* Assets.xcassets */ = {isa = PBXFileReference; lastKnownFileType = folder.assetcatalog; path = Assets.xcassets; sourceTree = "<group>"; };
		0093EA5A2B68E26200F2C4DC /* Base */ = {isa = PBXFileReference; lastKnownFileType = file.storyboard; name = Base; path = Base.lproj/LaunchScreen.storyboard; sourceTree = "<group>"; };
		0093EA5C2B68E26200F2C4DC /* Info.plist */ = {isa = PBXFileReference; lastKnownFileType = text.plist.xml; path = Info.plist; sourceTree = "<group>"; };
		0093EA682B68E5CB00F2C4DC /* Setting.swift */ = {isa = PBXFileReference; lastKnownFileType = sourcecode.swift; path = Setting.swift; sourceTree = "<group>"; };
		0093EA6A2B68E91600F2C4DC /* SettingsView.swift */ = {isa = PBXFileReference; lastKnownFileType = sourcecode.swift; path = SettingsView.swift; sourceTree = "<group>"; };
		0093EA702B68FDF100F2C4DC /* Setting+Extensions.swift */ = {isa = PBXFileReference; lastKnownFileType = sourcecode.swift; path = "Setting+Extensions.swift"; sourceTree = "<group>"; };
		0093EA732B69054000F2C4DC /* SettingsFactory.swift */ = {isa = PBXFileReference; lastKnownFileType = sourcecode.swift; path = SettingsFactory.swift; sourceTree = "<group>"; };
		0093EA752B690C8800F2C4DC /* SettingsTableViewCell.swift */ = {isa = PBXFileReference; lastKnownFileType = sourcecode.swift; path = SettingsTableViewCell.swift; sourceTree = "<group>"; };
		0093EA7A2B6920F600F2C4DC /* UIImage+Extensions.swift */ = {isa = PBXFileReference; lastKnownFileType = sourcecode.swift; path = "UIImage+Extensions.swift"; sourceTree = "<group>"; };
		0093EA7F2B6A690000F2C4DC /* SettingDetailsViewController.swift */ = {isa = PBXFileReference; lastKnownFileType = sourcecode.swift; path = SettingDetailsViewController.swift; sourceTree = "<group>"; };
		0093EA862B6A855000F2C4DC /* SettingDetailsView.swift */ = {isa = PBXFileReference; lastKnownFileType = sourcecode.swift; path = SettingDetailsView.swift; sourceTree = "<group>"; };
		0093EA882B6A896700F2C4DC /* SettingImageView.swift */ = {isa = PBXFileReference; lastKnownFileType = sourcecode.swift; path = SettingImageView.swift; sourceTree = "<group>"; };
/* End PBXFileReference section */

/* Begin PBXFrameworksBuildPhase section */
		0093EA482B68E26100F2C4DC /* Frameworks */ = {
			isa = PBXFrameworksBuildPhase;
			buildActionMask = 2147483647;
			files = (
				0093EA792B690DB200F2C4DC /* SnapKit in Frameworks */,
			);
			runOnlyForDeploymentPostprocessing = 0;
		};
/* End PBXFrameworksBuildPhase section */

/* Begin PBXGroup section */
		0093EA422B68E26100F2C4DC = {
			isa = PBXGroup;
			children = (
				0093EA4D2B68E26100F2C4DC /* iOS12-HW13-Daniil-Ivanov */,
				0093EA4C2B68E26100F2C4DC /* Products */,
			);
			sourceTree = "<group>";
		};
		0093EA4C2B68E26100F2C4DC /* Products */ = {
			isa = PBXGroup;
			children = (
				0093EA4B2B68E26100F2C4DC /* iOS12-HW13-Daniil-Ivanov.app */,
			);
			name = Products;
			sourceTree = "<group>";
		};
		0093EA4D2B68E26100F2C4DC /* iOS12-HW13-Daniil-Ivanov */ = {
			isa = PBXGroup;
			children = (
				0093EA622B68E3DE00F2C4DC /* App */,
				0093EA632B68E3E900F2C4DC /* Sources */,
				0093EA642B68E3F400F2C4DC /* Resources */,
			);
			path = "iOS12-HW13-Daniil-Ivanov";
			sourceTree = "<group>";
		};
		0093EA622B68E3DE00F2C4DC /* App */ = {
			isa = PBXGroup;
			children = (
				0093EA4E2B68E26100F2C4DC /* AppDelegate.swift */,
				0093EA502B68E26100F2C4DC /* SceneDelegate.swift */,
			);
			path = App;
			sourceTree = "<group>";
		};
		0093EA632B68E3E900F2C4DC /* Sources */ = {
			isa = PBXGroup;
			children = (
				0093EA7E2B6A68DE00F2C4DC /* SettingDetails */,
				0093EA7D2B6A68A200F2C4DC /* Settings */,
				0093EA6F2B68FDDE00F2C4DC /* Extensions */,
			);
			path = Sources;
			sourceTree = "<group>";
		};
		0093EA642B68E3F400F2C4DC /* Resources */ = {
			isa = PBXGroup;
			children = (
				0093EA572B68E26200F2C4DC /* Assets.xcassets */,
				0093EA592B68E26200F2C4DC /* LaunchScreen.storyboard */,
				0093EA652B68E3FF00F2C4DC /* Configuration */,
			);
			path = Resources;
			sourceTree = "<group>";
		};
		0093EA652B68E3FF00F2C4DC /* Configuration */ = {
			isa = PBXGroup;
			children = (
				0093EA5C2B68E26200F2C4DC /* Info.plist */,
			);
			path = Configuration;
			sourceTree = "<group>";
		};
		0093EA662B68E56800F2C4DC /* Model */ = {
			isa = PBXGroup;
			children = (
				0093EA702B68FDF100F2C4DC /* Setting+Extensions.swift */,
				0093EA732B69054000F2C4DC /* SettingsFactory.swift */,
				0093EA682B68E5CB00F2C4DC /* Setting.swift */,
			);
			path = Model;
			sourceTree = "<group>";
		};
		0093EA672B68E56D00F2C4DC /* Controller */ = {
			isa = PBXGroup;
			children = (
				0093EA522B68E26100F2C4DC /* SettingsViewController.swift */,
			);
			path = Controller;
			sourceTree = "<group>";
		};
		0093EA6C2B68E91C00F2C4DC /* View */ = {
			isa = PBXGroup;
			children = (
				0093EA6A2B68E91600F2C4DC /* SettingsView.swift */,
				0093EA752B690C8800F2C4DC /* SettingsTableViewCell.swift */,
				0093EA882B6A896700F2C4DC /* SettingImageView.swift */,
			);
			path = View;
			sourceTree = "<group>";
		};
		0093EA6F2B68FDDE00F2C4DC /* Extensions */ = {
			isa = PBXGroup;
			children = (
				0093EA7A2B6920F600F2C4DC /* UIImage+Extensions.swift */,
			);
			path = Extensions;
			sourceTree = "<group>";
		};
		0093EA7D2B6A68A200F2C4DC /* Settings */ = {
			isa = PBXGroup;
			children = (
				0093EA672B68E56D00F2C4DC /* Controller */,
				0093EA662B68E56800F2C4DC /* Model */,
				0093EA6C2B68E91C00F2C4DC /* View */,
			);
			path = Settings;
			sourceTree = "<group>";
		};
		0093EA7E2B6A68DE00F2C4DC /* SettingDetails */ = {
			isa = PBXGroup;
			children = (
				0093EA852B6A853D00F2C4DC /* View */,
				0093EA842B6A853500F2C4DC /* Controller */,
			);
			path = SettingDetails;
			sourceTree = "<group>";
		};
		0093EA842B6A853500F2C4DC /* Controller */ = {
			isa = PBXGroup;
			children = (
				0093EA7F2B6A690000F2C4DC /* SettingDetailsViewController.swift */,
			);
			path = Controller;
			sourceTree = "<group>";
		};
		0093EA852B6A853D00F2C4DC /* View */ = {
			isa = PBXGroup;
			children = (
				0093EA862B6A855000F2C4DC /* SettingDetailsView.swift */,
			);
			path = View;
			sourceTree = "<group>";
		};
/* End PBXGroup section */

/* Begin PBXNativeTarget section */
		0093EA4A2B68E26100F2C4DC /* iOS12-HW13-Daniil-Ivanov */ = {
			isa = PBXNativeTarget;
			buildConfigurationList = 0093EA5F2B68E26200F2C4DC /* Build configuration list for PBXNativeTarget "iOS12-HW13-Daniil-Ivanov" */;
			buildPhases = (
				0093EA472B68E26100F2C4DC /* Sources */,
				0093EA482B68E26100F2C4DC /* Frameworks */,
				0093EA492B68E26100F2C4DC /* Resources */,
			);
			buildRules = (
			);
			dependencies = (
			);
			name = "iOS12-HW13-Daniil-Ivanov";
			packageProductDependencies = (
				0093EA782B690DB200F2C4DC /* SnapKit */,
			);
			productName = "iOS12-HW13-Daniil-Ivanov";
			productReference = 0093EA4B2B68E26100F2C4DC /* iOS12-HW13-Daniil-Ivanov.app */;
			productType = "com.apple.product-type.application";
		};
/* End PBXNativeTarget section */

/* Begin PBXProject section */
		0093EA432B68E26100F2C4DC /* Project object */ = {
			isa = PBXProject;
			attributes = {
				BuildIndependentTargetsInParallel = 1;
				LastSwiftUpdateCheck = 1520;
				LastUpgradeCheck = 1520;
				TargetAttributes = {
					0093EA4A2B68E26100F2C4DC = {
						CreatedOnToolsVersion = 15.2;
					};
				};
			};
			buildConfigurationList = 0093EA462B68E26100F2C4DC /* Build configuration list for PBXProject "iOS12-HW13-Daniil-Ivanov" */;
			compatibilityVersion = "Xcode 14.0";
			developmentRegion = en;
			hasScannedForEncodings = 0;
			knownRegions = (
				en,
				Base,
			);
			mainGroup = 0093EA422B68E26100F2C4DC;
			packageReferences = (
				0093EA772B690DB200F2C4DC /* XCRemoteSwiftPackageReference "SnapKit" */,
			);
			productRefGroup = 0093EA4C2B68E26100F2C4DC /* Products */;
			projectDirPath = "";
			projectRoot = "";
			targets = (
				0093EA4A2B68E26100F2C4DC /* iOS12-HW13-Daniil-Ivanov */,
			);
		};
/* End PBXProject section */

/* Begin PBXResourcesBuildPhase section */
		0093EA492B68E26100F2C4DC /* Resources */ = {
			isa = PBXResourcesBuildPhase;
			buildActionMask = 2147483647;
			files = (
				0093EA5B2B68E26200F2C4DC /* LaunchScreen.storyboard in Resources */,
				0093EA582B68E26200F2C4DC /* Assets.xcassets in Resources */,
			);
			runOnlyForDeploymentPostprocessing = 0;
		};
/* End PBXResourcesBuildPhase section */

/* Begin PBXSourcesBuildPhase section */
		0093EA472B68E26100F2C4DC /* Sources */ = {
			isa = PBXSourcesBuildPhase;
			buildActionMask = 2147483647;
			files = (
				0093EA712B68FDF100F2C4DC /* Setting+Extensions.swift in Sources */,
				0093EA742B69054000F2C4DC /* SettingsFactory.swift in Sources */,
				0093EA6B2B68E91600F2C4DC /* SettingsView.swift in Sources */,
				0093EA532B68E26100F2C4DC /* SettingsViewController.swift in Sources */,
				0093EA4F2B68E26100F2C4DC /* AppDelegate.swift in Sources */,
				0093EA692B68E5CB00F2C4DC /* Setting.swift in Sources */,
				0093EA872B6A855000F2C4DC /* SettingDetailsView.swift in Sources */,
				0093EA802B6A690000F2C4DC /* SettingDetailsViewController.swift in Sources */,
				0093EA7B2B6920F600F2C4DC /* UIImage+Extensions.swift in Sources */,
				0093EA892B6A896700F2C4DC /* SettingImageView.swift in Sources */,
				0093EA512B68E26100F2C4DC /* SceneDelegate.swift in Sources */,
				0093EA762B690C8800F2C4DC /* SettingsTableViewCell.swift in Sources */,
			);
			runOnlyForDeploymentPostprocessing = 0;
		};
/* End PBXSourcesBuildPhase section */

/* Begin PBXVariantGroup section */
		0093EA592B68E26200F2C4DC /* LaunchScreen.storyboard */ = {
			isa = PBXVariantGroup;
			children = (
				0093EA5A2B68E26200F2C4DC /* Base */,
			);
			name = LaunchScreen.storyboard;
			sourceTree = "<group>";
		};
/* End PBXVariantGroup section */

/* Begin XCBuildConfiguration section */
		0093EA5D2B68E26200F2C4DC /* Debug */ = {
			isa = XCBuildConfiguration;
			buildSettings = {
				ALWAYS_SEARCH_USER_PATHS = NO;
				ASSETCATALOG_COMPILER_GENERATE_SWIFT_ASSET_SYMBOL_EXTENSIONS = YES;
				CLANG_ANALYZER_NONNULL = YES;
				CLANG_ANALYZER_NUMBER_OBJECT_CONVERSION = YES_AGGRESSIVE;
				CLANG_CXX_LANGUAGE_STANDARD = "gnu++20";
				CLANG_ENABLE_MODULES = YES;
				CLANG_ENABLE_OBJC_ARC = YES;
				CLANG_ENABLE_OBJC_WEAK = YES;
				CLANG_WARN_BLOCK_CAPTURE_AUTORELEASING = YES;
				CLANG_WARN_BOOL_CONVERSION = YES;
				CLANG_WARN_COMMA = YES;
				CLANG_WARN_CONSTANT_CONVERSION = YES;
				CLANG_WARN_DEPRECATED_OBJC_IMPLEMENTATIONS = YES;
				CLANG_WARN_DIRECT_OBJC_ISA_USAGE = YES_ERROR;
				CLANG_WARN_DOCUMENTATION_COMMENTS = YES;
				CLANG_WARN_EMPTY_BODY = YES;
				CLANG_WARN_ENUM_CONVERSION = YES;
				CLANG_WARN_INFINITE_RECURSION = YES;
				CLANG_WARN_INT_CONVERSION = YES;
				CLANG_WARN_NON_LITERAL_NULL_CONVERSION = YES;
				CLANG_WARN_OBJC_IMPLICIT_RETAIN_SELF = YES;
				CLANG_WARN_OBJC_LITERAL_CONVERSION = YES;
				CLANG_WARN_OBJC_ROOT_CLASS = YES_ERROR;
				CLANG_WARN_QUOTED_INCLUDE_IN_FRAMEWORK_HEADER = YES;
				CLANG_WARN_RANGE_LOOP_ANALYSIS = YES;
				CLANG_WARN_STRICT_PROTOTYPES = YES;
				CLANG_WARN_SUSPICIOUS_MOVE = YES;
				CLANG_WARN_UNGUARDED_AVAILABILITY = YES_AGGRESSIVE;
				CLANG_WARN_UNREACHABLE_CODE = YES;
				CLANG_WARN__DUPLICATE_METHOD_MATCH = YES;
				COPY_PHASE_STRIP = NO;
				DEBUG_INFORMATION_FORMAT = dwarf;
				ENABLE_STRICT_OBJC_MSGSEND = YES;
				ENABLE_TESTABILITY = YES;
				ENABLE_USER_SCRIPT_SANDBOXING = YES;
				GCC_C_LANGUAGE_STANDARD = gnu17;
				GCC_DYNAMIC_NO_PIC = NO;
				GCC_NO_COMMON_BLOCKS = YES;
				GCC_OPTIMIZATION_LEVEL = 0;
				GCC_PREPROCESSOR_DEFINITIONS = (
					"DEBUG=1",
					"$(inherited)",
				);
				GCC_WARN_64_TO_32_BIT_CONVERSION = YES;
				GCC_WARN_ABOUT_RETURN_TYPE = YES_ERROR;
				GCC_WARN_UNDECLARED_SELECTOR = YES;
				GCC_WARN_UNINITIALIZED_AUTOS = YES_AGGRESSIVE;
				GCC_WARN_UNUSED_FUNCTION = YES;
				GCC_WARN_UNUSED_VARIABLE = YES;
				IPHONEOS_DEPLOYMENT_TARGET = 16.0;
				LOCALIZATION_PREFERS_STRING_CATALOGS = YES;
				MTL_ENABLE_DEBUG_INFO = INCLUDE_SOURCE;
				MTL_FAST_MATH = YES;
				ONLY_ACTIVE_ARCH = YES;
				SDKROOT = iphoneos;
				SWIFT_ACTIVE_COMPILATION_CONDITIONS = "DEBUG $(inherited)";
				SWIFT_OPTIMIZATION_LEVEL = "-Onone";
			};
			name = Debug;
		};
		0093EA5E2B68E26200F2C4DC /* Release */ = {
			isa = XCBuildConfiguration;
			buildSettings = {
				ALWAYS_SEARCH_USER_PATHS = NO;
				ASSETCATALOG_COMPILER_GENERATE_SWIFT_ASSET_SYMBOL_EXTENSIONS = YES;
				CLANG_ANALYZER_NONNULL = YES;
				CLANG_ANALYZER_NUMBER_OBJECT_CONVERSION = YES_AGGRESSIVE;
				CLANG_CXX_LANGUAGE_STANDARD = "gnu++20";
				CLANG_ENABLE_MODULES = YES;
				CLANG_ENABLE_OBJC_ARC = YES;
				CLANG_ENABLE_OBJC_WEAK = YES;
				CLANG_WARN_BLOCK_CAPTURE_AUTORELEASING = YES;
				CLANG_WARN_BOOL_CONVERSION = YES;
				CLANG_WARN_COMMA = YES;
				CLANG_WARN_CONSTANT_CONVERSION = YES;
				CLANG_WARN_DEPRECATED_OBJC_IMPLEMENTATIONS = YES;
				CLANG_WARN_DIRECT_OBJC_ISA_USAGE = YES_ERROR;
				CLANG_WARN_DOCUMENTATION_COMMENTS = YES;
				CLANG_WARN_EMPTY_BODY = YES;
				CLANG_WARN_ENUM_CONVERSION = YES;
				CLANG_WARN_INFINITE_RECURSION = YES;
				CLANG_WARN_INT_CONVERSION = YES;
				CLANG_WARN_NON_LITERAL_NULL_CONVERSION = YES;
				CLANG_WARN_OBJC_IMPLICIT_RETAIN_SELF = YES;
				CLANG_WARN_OBJC_LITERAL_CONVERSION = YES;
				CLANG_WARN_OBJC_ROOT_CLASS = YES_ERROR;
				CLANG_WARN_QUOTED_INCLUDE_IN_FRAMEWORK_HEADER = YES;
				CLANG_WARN_RANGE_LOOP_ANALYSIS = YES;
				CLANG_WARN_STRICT_PROTOTYPES = YES;
				CLANG_WARN_SUSPICIOUS_MOVE = YES;
				CLANG_WARN_UNGUARDED_AVAILABILITY = YES_AGGRESSIVE;
				CLANG_WARN_UNREACHABLE_CODE = YES;
				CLANG_WARN__DUPLICATE_METHOD_MATCH = YES;
				COPY_PHASE_STRIP = NO;
				DEBUG_INFORMATION_FORMAT = "dwarf-with-dsym";
				ENABLE_NS_ASSERTIONS = NO;
				ENABLE_STRICT_OBJC_MSGSEND = YES;
				ENABLE_USER_SCRIPT_SANDBOXING = YES;
				GCC_C_LANGUAGE_STANDARD = gnu17;
				GCC_NO_COMMON_BLOCKS = YES;
				GCC_WARN_64_TO_32_BIT_CONVERSION = YES;
				GCC_WARN_ABOUT_RETURN_TYPE = YES_ERROR;
				GCC_WARN_UNDECLARED_SELECTOR = YES;
				GCC_WARN_UNINITIALIZED_AUTOS = YES_AGGRESSIVE;
				GCC_WARN_UNUSED_FUNCTION = YES;
				GCC_WARN_UNUSED_VARIABLE = YES;
				IPHONEOS_DEPLOYMENT_TARGET = 16.0;
				LOCALIZATION_PREFERS_STRING_CATALOGS = YES;
				MTL_ENABLE_DEBUG_INFO = NO;
				MTL_FAST_MATH = YES;
				SDKROOT = iphoneos;
				SWIFT_COMPILATION_MODE = wholemodule;
				VALIDATE_PRODUCT = YES;
			};
			name = Release;
		};
		0093EA602B68E26200F2C4DC /* Debug */ = {
			isa = XCBuildConfiguration;
			buildSettings = {
				ASSETCATALOG_COMPILER_APPICON_NAME = AppIcon;
				ASSETCATALOG_COMPILER_GLOBAL_ACCENT_COLOR_NAME = AccentColor;
				CODE_SIGN_STYLE = Automatic;
				CURRENT_PROJECT_VERSION = 1;
				DEVELOPMENT_TEAM = LLM6YPG7Q7;
				GENERATE_INFOPLIST_FILE = YES;
				INFOPLIST_FILE = "iOS12-HW13-Daniil-Ivanov/Resources/Configuration/info.plist";
				INFOPLIST_KEY_UIApplicationSupportsIndirectInputEvents = YES;
				INFOPLIST_KEY_UILaunchStoryboardName = LaunchScreen;
				INFOPLIST_KEY_UISupportedInterfaceOrientations = UIInterfaceOrientationPortrait;
				INFOPLIST_KEY_UISupportedInterfaceOrientations_iPad = "UIInterfaceOrientationLandscapeLeft UIInterfaceOrientationLandscapeRight UIInterfaceOrientationPortrait UIInterfaceOrientationPortraitUpsideDown";
				LD_RUNPATH_SEARCH_PATHS = (
					"$(inherited)",
					"@executable_path/Frameworks",
				);
				MARKETING_VERSION = 1.0;
				PRODUCT_BUNDLE_IDENTIFIER = "com.example.iOS12-HW13-Daniil-Ivanov";
				PRODUCT_NAME = "$(TARGET_NAME)";
				SUPPORTED_PLATFORMS = "iphoneos iphonesimulator";
				SUPPORTS_MACCATALYST = NO;
				SUPPORTS_MAC_DESIGNED_FOR_IPHONE_IPAD = NO;
				SUPPORTS_XR_DESIGNED_FOR_IPHONE_IPAD = NO;
				SWIFT_EMIT_LOC_STRINGS = YES;
				SWIFT_VERSION = 5.0;
				TARGETED_DEVICE_FAMILY = 1;
			};
			name = Debug;
		};
		0093EA612B68E26200F2C4DC /* Release */ = {
			isa = XCBuildConfiguration;
			buildSettings = {
				ASSETCATALOG_COMPILER_APPICON_NAME = AppIcon;
				ASSETCATALOG_COMPILER_GLOBAL_ACCENT_COLOR_NAME = AccentColor;
				CODE_SIGN_STYLE = Automatic;
				CURRENT_PROJECT_VERSION = 1;
				DEVELOPMENT_TEAM = LLM6YPG7Q7;
				GENERATE_INFOPLIST_FILE = YES;
				INFOPLIST_FILE = "iOS12-HW13-Daniil-Ivanov/Resources/Configuration/info.plist";
				INFOPLIST_KEY_UIApplicationSupportsIndirectInputEvents = YES;
				INFOPLIST_KEY_UILaunchStoryboardName = LaunchScreen;
				INFOPLIST_KEY_UISupportedInterfaceOrientations = UIInterfaceOrientationPortrait;
				INFOPLIST_KEY_UISupportedInterfaceOrientations_iPad = "UIInterfaceOrientationLandscapeLeft UIInterfaceOrientationLandscapeRight UIInterfaceOrientationPortrait UIInterfaceOrientationPortraitUpsideDown";
				LD_RUNPATH_SEARCH_PATHS = (
					"$(inherited)",
					"@executable_path/Frameworks",
				);
				MARKETING_VERSION = 1.0;
				PRODUCT_BUNDLE_IDENTIFIER = "com.example.iOS12-HW13-Daniil-Ivanov";
				PRODUCT_NAME = "$(TARGET_NAME)";
				SUPPORTED_PLATFORMS = "iphoneos iphonesimulator";
				SUPPORTS_MACCATALYST = NO;
				SUPPORTS_MAC_DESIGNED_FOR_IPHONE_IPAD = NO;
				SUPPORTS_XR_DESIGNED_FOR_IPHONE_IPAD = NO;
				SWIFT_EMIT_LOC_STRINGS = YES;
				SWIFT_VERSION = 5.0;
				TARGETED_DEVICE_FAMILY = 1;
			};
			name = Release;
		};
/* End XCBuildConfiguration section */

/* Begin XCConfigurationList section */
		0093EA462B68E26100F2C4DC /* Build configuration list for PBXProject "iOS12-HW13-Daniil-Ivanov" */ = {
			isa = XCConfigurationList;
			buildConfigurations = (
				0093EA5D2B68E26200F2C4DC /* Debug */,
				0093EA5E2B68E26200F2C4DC /* Release */,
			);
			defaultConfigurationIsVisible = 0;
			defaultConfigurationName = Release;
		};
		0093EA5F2B68E26200F2C4DC /* Build configuration list for PBXNativeTarget "iOS12-HW13-Daniil-Ivanov" */ = {
			isa = XCConfigurationList;
			buildConfigurations = (
				0093EA602B68E26200F2C4DC /* Debug */,
				0093EA612B68E26200F2C4DC /* Release */,
			);
			defaultConfigurationIsVisible = 0;
			defaultConfigurationName = Release;
		};
/* End XCConfigurationList section */

/* Begin XCRemoteSwiftPackageReference section */
		0093EA772B690DB200F2C4DC /* XCRemoteSwiftPackageReference "SnapKit" */ = {
			isa = XCRemoteSwiftPackageReference;
			repositoryURL = "https://github.com/SnapKit/SnapKit.git";
			requirement = {
				kind = upToNextMajorVersion;
				minimumVersion = 5.7.0;
			};
		};
/* End XCRemoteSwiftPackageReference section */

/* Begin XCSwiftPackageProductDependency section */
		0093EA782B690DB200F2C4DC /* SnapKit */ = {
			isa = XCSwiftPackageProductDependency;
			package = 0093EA772B690DB200F2C4DC /* XCRemoteSwiftPackageReference "SnapKit" */;
			productName = SnapKit;
		};
/* End XCSwiftPackageProductDependency section */
	};
	rootObject = 0093EA432B68E26100F2C4DC /* Project object */;
}
